// !$*UTF8*$!
{
	archiveVersion = 1;
	classes = {
	};
	objectVersion = 55;
	objects = {

/* Begin PBXBuildFile section */
		1616F00B293704050086A491 /* BundleExtension.swift in Sources */ = {isa = PBXBuildFile; fileRef = 1616F00A293704050086A491 /* BundleExtension.swift */; };
		1616F01529370AD40086A491 /* Assets.xcassets in Resources */ = {isa = PBXBuildFile; fileRef = 1665E16728B7427F00CCEA09 /* Assets.xcassets */; };
		1616F01629370ADC0086A491 /* Preview Assets.xcassets in Resources */ = {isa = PBXBuildFile; fileRef = 1665E16A28B7427F00CCEA09 /* Preview Assets.xcassets */; };
		1616F01729370AE30086A491 /* GoogleService-Info.plist in Resources */ = {isa = PBXBuildFile; fileRef = 163639D928D238B7000B0B19 /* GoogleService-Info.plist */; };
		1616F01929370BD40086A491 /* Localizable.strings in Resources */ = {isa = PBXBuildFile; fileRef = 16CB7E4B2935D9A200137C37 /* Localizable.strings */; };
		1616F01D293728B60086A491 /* .swiftlint.yml in Resources */ = {isa = PBXBuildFile; fileRef = 1616F01C293728B60086A491 /* .swiftlint.yml */; };
		1616F020293735360086A491 /* AppDefine.swift in Sources */ = {isa = PBXBuildFile; fileRef = 1616F01F293735360086A491 /* AppDefine.swift */; };
		1616F022293735520086A491 /* AppKey.swift in Sources */ = {isa = PBXBuildFile; fileRef = 1616F021293735520086A491 /* AppKey.swift */; };
		1616F0242937359F0086A491 /* AppText.swift in Sources */ = {isa = PBXBuildFile; fileRef = 1616F0232937359F0086A491 /* AppText.swift */; };
		1616F02529374EBD0086A491 /* YourFamilyBundle.bundle in Resources */ = {isa = PBXBuildFile; fileRef = 1616F010293709520086A491 /* YourFamilyBundle.bundle */; };
		162F764628C72D2200BD49A8 /* CVCalendar in Frameworks */ = {isa = PBXBuildFile; productRef = 162F764528C72D2200BD49A8 /* CVCalendar */; };
		162F764928C7300500BD49A8 /* DateInWeekHeaderView.swift in Sources */ = {isa = PBXBuildFile; fileRef = 162F764828C7300500BD49A8 /* DateInWeekHeaderView.swift */; };
		162F764B28C7305500BD49A8 /* CalendarConfig.swift in Sources */ = {isa = PBXBuildFile; fileRef = 162F764A28C7305500BD49A8 /* CalendarConfig.swift */; };
		162F764F28C731B300BD49A8 /* CalendarManager.swift in Sources */ = {isa = PBXBuildFile; fileRef = 162F764E28C731B300BD49A8 /* CalendarManager.swift */; };
		162F765328C73C6F00BD49A8 /* CalendarBodyView.swift in Sources */ = {isa = PBXBuildFile; fileRef = 162F765228C73C6F00BD49A8 /* CalendarBodyView.swift */; };
		162F765528C74AD300BD49A8 /* LunarDateView.swift in Sources */ = {isa = PBXBuildFile; fileRef = 162F765428C74AD300BD49A8 /* LunarDateView.swift */; };
		162F765728C779C100BD49A8 /* CGFloatExtension.swift in Sources */ = {isa = PBXBuildFile; fileRef = 162F765628C779C100BD49A8 /* CGFloatExtension.swift */; };
		162F765B28C796C600BD49A8 /* LunarCalendarViewModel.swift in Sources */ = {isa = PBXBuildFile; fileRef = 162F765A28C796C600BD49A8 /* LunarCalendarViewModel.swift */; };
		162F765D28C79B2800BD49A8 /* SettingLunarCalendarView.swift in Sources */ = {isa = PBXBuildFile; fileRef = 162F765C28C79B2800BD49A8 /* SettingLunarCalendarView.swift */; };
		162F765F28C84ECB00BD49A8 /* UserDefaultCommon.swift in Sources */ = {isa = PBXBuildFile; fileRef = 162F765E28C84ECB00BD49A8 /* UserDefaultCommon.swift */; };
		162F766228C877FF00BD49A8 /* SettingManager.swift in Sources */ = {isa = PBXBuildFile; fileRef = 162F766128C877FF00BD49A8 /* SettingManager.swift */; };
		162F766428C8787900BD49A8 /* SettingViewModel.swift in Sources */ = {isa = PBXBuildFile; fileRef = 162F766328C8787900BD49A8 /* SettingViewModel.swift */; };
		163639D828D225A4000B0B19 /* SignUpView.swift in Sources */ = {isa = PBXBuildFile; fileRef = 163639D728D225A4000B0B19 /* SignUpView.swift */; };
		16365DE928F7BB880013CC8D /* OnThisDateMapper.swift in Sources */ = {isa = PBXBuildFile; fileRef = 16365DE828F7BB880013CC8D /* OnThisDateMapper.swift */; };
		16365DED28F7C16B0013CC8D /* OnThisDateView.swift in Sources */ = {isa = PBXBuildFile; fileRef = 16365DEC28F7C16B0013CC8D /* OnThisDateView.swift */; };
		16365DEF28F7E7200013CC8D /* CustomDialog.swift in Sources */ = {isa = PBXBuildFile; fileRef = 16365DEE28F7E7200013CC8D /* CustomDialog.swift */; };
		16365DF228F7EDBE0013CC8D /* PopupView in Frameworks */ = {isa = PBXBuildFile; productRef = 16365DF128F7EDBE0013CC8D /* PopupView */; };
		16365DF428F812060013CC8D /* MemoryCardViewModel.swift in Sources */ = {isa = PBXBuildFile; fileRef = 16365DF328F812060013CC8D /* MemoryCardViewModel.swift */; };
		1639BD2128B7E382002CCDF5 /* FacebookLogin in Frameworks */ = {isa = PBXBuildFile; productRef = 1639BD2028B7E382002CCDF5 /* FacebookLogin */; };
		1639BD2328B85777002CCDF5 /* ColorExtension.swift in Sources */ = {isa = PBXBuildFile; fileRef = 1639BD2228B85777002CCDF5 /* ColorExtension.swift */; };
		1639BD2728B868DD002CCDF5 /* HomeView.swift in Sources */ = {isa = PBXBuildFile; fileRef = 1639BD2628B868DD002CCDF5 /* HomeView.swift */; };
		1639BD2A28B8BCAC002CCDF5 /* SwiftUIPager in Frameworks */ = {isa = PBXBuildFile; productRef = 1639BD2928B8BCAC002CCDF5 /* SwiftUIPager */; };
		1639BD2C28B8BDB0002CCDF5 /* HomeViewModel.swift in Sources */ = {isa = PBXBuildFile; fileRef = 1639BD2B28B8BDB0002CCDF5 /* HomeViewModel.swift */; };
		1639BD2F28B91270002CCDF5 /* DateMemoryView.swift in Sources */ = {isa = PBXBuildFile; fileRef = 1639BD2E28B91270002CCDF5 /* DateMemoryView.swift */; };
		1639BD3228B914C2002CCDF5 /* SettingView.swift in Sources */ = {isa = PBXBuildFile; fileRef = 1639BD3128B914C2002CCDF5 /* SettingView.swift */; };
		1639BD3528B91939002CCDF5 /* ProfileView.swift in Sources */ = {isa = PBXBuildFile; fileRef = 1639BD3428B91939002CCDF5 /* ProfileView.swift */; };
		165E973628B7C4BE00490E01 /* LoginView.swift in Sources */ = {isa = PBXBuildFile; fileRef = 165E973528B7C4BE00490E01 /* LoginView.swift */; };
		165E973928B7C4E200490E01 /* LoginViewModel.swift in Sources */ = {isa = PBXBuildFile; fileRef = 165E973828B7C4E200490E01 /* LoginViewModel.swift */; };
		165E973B28B7C87A00490E01 /* AppConstant.swift in Sources */ = {isa = PBXBuildFile; fileRef = 165E973A28B7C87A00490E01 /* AppConstant.swift */; };
		165E973D28B7CAA800490E01 /* StringExtension.swift in Sources */ = {isa = PBXBuildFile; fileRef = 165E973C28B7CAA800490E01 /* StringExtension.swift */; };
		1665E16428B7427D00CCEA09 /* YourFamilyApp.swift in Sources */ = {isa = PBXBuildFile; fileRef = 1665E16328B7427D00CCEA09 /* YourFamilyApp.swift */; };
		1665E16628B7427D00CCEA09 /* ContentView.swift in Sources */ = {isa = PBXBuildFile; fileRef = 1665E16528B7427D00CCEA09 /* ContentView.swift */; };
		167090CE28D42E300022BA8F /* CalendarCoordinator.swift in Sources */ = {isa = PBXBuildFile; fileRef = 167090CD28D42E300022BA8F /* CalendarCoordinator.swift */; };
		167090D028D484370022BA8F /* MemoryCardView.swift in Sources */ = {isa = PBXBuildFile; fileRef = 167090CF28D484370022BA8F /* MemoryCardView.swift */; };
		16725F0B29093DF400810567 /* RealmSwift in Frameworks */ = {isa = PBXBuildFile; productRef = 16725F0A29093DF400810567 /* RealmSwift */; };
		16828E1028BCB7970054081A /* Parchment in Frameworks */ = {isa = PBXBuildFile; productRef = 16828E0F28BCB7970054081A /* Parchment */; };
		16828E1328BCBB150054081A /* MemoryCalendarView.swift in Sources */ = {isa = PBXBuildFile; fileRef = 16828E1228BCBB150054081A /* MemoryCalendarView.swift */; };
		16828E1528BCBBE90054081A /* CalendarMemoryItem.swift in Sources */ = {isa = PBXBuildFile; fileRef = 16828E1428BCBBE90054081A /* CalendarMemoryItem.swift */; };
		16828E1728BCC0D60054081A /* CalendarPagingCellView.swift in Sources */ = {isa = PBXBuildFile; fileRef = 16828E1628BCC0D60054081A /* CalendarPagingCellView.swift */; };
		16828E1928BCC53E0054081A /* DateMemoryViewModel.swift in Sources */ = {isa = PBXBuildFile; fileRef = 16828E1828BCC53E0054081A /* DateMemoryViewModel.swift */; };
		16828E1B28BD11A40054081A /* DateExtension.swift in Sources */ = {isa = PBXBuildFile; fileRef = 16828E1A28BD11A40054081A /* DateExtension.swift */; };
		16828E1D28BD14E50054081A /* DateFormatterExtension.swift in Sources */ = {isa = PBXBuildFile; fileRef = 16828E1C28BD14E50054081A /* DateFormatterExtension.swift */; };
		16828E2028BD15F10054081A /* SwiftDate in Frameworks */ = {isa = PBXBuildFile; productRef = 16828E1F28BD15F10054081A /* SwiftDate */; };
		16828E3428C5A6E40054081A /* DateUtils.swift in Sources */ = {isa = PBXBuildFile; fileRef = 16828E3328C5A6E30054081A /* DateUtils.swift */; };
		16828E3728C5B2240054081A /* AlertToast in Frameworks */ = {isa = PBXBuildFile; productRef = 16828E3628C5B2240054081A /* AlertToast */; };
		1693F50C28FB327D00C2412F /* SearchResponseTableViewController.swift in Sources */ = {isa = PBXBuildFile; fileRef = 1693F50728FB327C00C2412F /* SearchResponseTableViewController.swift */; };
		1693F50D28FB327D00C2412F /* MapItemPickerViewController.swift in Sources */ = {isa = PBXBuildFile; fileRef = 1693F50828FB327D00C2412F /* MapItemPickerViewController.swift */; };
		1693F50E28FB327D00C2412F /* MapItemPickerSheet.swift in Sources */ = {isa = PBXBuildFile; fileRef = 1693F50928FB327D00C2412F /* MapItemPickerSheet.swift */; };
		1693F50F28FB327D00C2412F /* SearchCompletionsTableViewController.swift in Sources */ = {isa = PBXBuildFile; fileRef = 1693F50A28FB327D00C2412F /* SearchCompletionsTableViewController.swift */; };
		169C0ED528FDA476007DAF83 /* SwiftUICharts in Frameworks */ = {isa = PBXBuildFile; productRef = 169C0ED428FDA476007DAF83 /* SwiftUICharts */; };
		169C0ED828FDB5FA007DAF83 /* YourNoteViewModel.swift in Sources */ = {isa = PBXBuildFile; fileRef = 169C0ED728FDB5FA007DAF83 /* YourNoteViewModel.swift */; };
		169C0EDA28FDBC0F007DAF83 /* CashInModel.swift in Sources */ = {isa = PBXBuildFile; fileRef = 169C0ED928FDBC0F007DAF83 /* CashInModel.swift */; };
		169C0F4B28FFB45F007DAF83 /* FloatingMenuView.swift in Sources */ = {isa = PBXBuildFile; fileRef = 169C0F4A28FFB45F007DAF83 /* FloatingMenuView.swift */; };
		169C0F4D28FFC185007DAF83 /* ActionSheetCustom.swift in Sources */ = {isa = PBXBuildFile; fileRef = 169C0F4C28FFC185007DAF83 /* ActionSheetCustom.swift */; };
		169C0F4F28FFD5F5007DAF83 /* BudgeMenuView.swift in Sources */ = {isa = PBXBuildFile; fileRef = 169C0F4E28FFD5F5007DAF83 /* BudgeMenuView.swift */; };
		169C0F512900006A007DAF83 /* BudgeMenuViewModel.swift in Sources */ = {isa = PBXBuildFile; fileRef = 169C0F502900006A007DAF83 /* BudgeMenuViewModel.swift */; };
		169C0F532907A05E007DAF83 /* OnNotesMapper.swift in Sources */ = {isa = PBXBuildFile; fileRef = 169C0F522907A05E007DAF83 /* OnNotesMapper.swift */; };
		169C0F552907CCA9007DAF83 /* ForgotPassword.swift in Sources */ = {isa = PBXBuildFile; fileRef = 169C0F542907CCA9007DAF83 /* ForgotPassword.swift */; };
		169C0F572907CD13007DAF83 /* ForgotPasswordViewModel.swift in Sources */ = {isa = PBXBuildFile; fileRef = 169C0F562907CD13007DAF83 /* ForgotPasswordViewModel.swift */; };
		169C0F5A2907E87E007DAF83 /* SwiftUICommon in Frameworks */ = {isa = PBXBuildFile; productRef = 169C0F592907E87E007DAF83 /* SwiftUICommon */; };
		16AB078128C5E7EF005D885F /* ViewExtension.swift in Sources */ = {isa = PBXBuildFile; fileRef = 16AB078028C5E7EF005D885F /* ViewExtension.swift */; };
		16AB078428C5F1D6005D885F /* ProfileViewModel.swift in Sources */ = {isa = PBXBuildFile; fileRef = 16AB078328C5F1D6005D885F /* ProfileViewModel.swift */; };
		16AB078628C71C3A005D885F /* LunarCalendarView.swift in Sources */ = {isa = PBXBuildFile; fileRef = 16AB078528C71C3A005D885F /* LunarCalendarView.swift */; };
		16AB078828C7252C005D885F /* YourNoteView.swift in Sources */ = {isa = PBXBuildFile; fileRef = 16AB078728C7252C005D885F /* YourNoteView.swift */; };
		16B95A9328B76FDF00CA3B72 /* AppRouterManager.swift in Sources */ = {isa = PBXBuildFile; fileRef = 16B95A9228B76FDF00CA3B72 /* AppRouterManager.swift */; };
		16B95A9528B7703C00CA3B72 /* RouterView.swift in Sources */ = {isa = PBXBuildFile; fileRef = 16B95A9428B7703C00CA3B72 /* RouterView.swift */; };
		16B95A9728B7707100CA3B72 /* RouterViewModel.swift in Sources */ = {isa = PBXBuildFile; fileRef = 16B95A9628B7707100CA3B72 /* RouterViewModel.swift */; };
		16CB7E502935DC9200137C37 /* Localization.swift in Sources */ = {isa = PBXBuildFile; fileRef = 16CB7E4F2935DC9200137C37 /* Localization.swift */; };
		16DBF79E28E1A097006DDBE7 /* MenuViewProfile.swift in Sources */ = {isa = PBXBuildFile; fileRef = 16DBF79D28E1A097006DDBE7 /* MenuViewProfile.swift */; };
		16DBF7A028E47F2B006DDBE7 /* ImagePicker.swift in Sources */ = {isa = PBXBuildFile; fileRef = 16DBF79F28E47F2B006DDBE7 /* ImagePicker.swift */; };
		16F056CD28F72134005A65B6 /* OnThisDayCardView.swift in Sources */ = {isa = PBXBuildFile; fileRef = 16F056CC28F72134005A65B6 /* OnThisDayCardView.swift */; };
		16F056CF28F72174005A65B6 /* OnThisDayModel.swift in Sources */ = {isa = PBXBuildFile; fileRef = 16F056CE28F72174005A65B6 /* OnThisDayModel.swift */; };
		16F41FC628C99F8800ACA1DA /* Alamofire in Frameworks */ = {isa = PBXBuildFile; productRef = 16F41FC528C99F8800ACA1DA /* Alamofire */; };
		16F41FCC28CA5BFD00ACA1DA /* FirebaseAuth in Frameworks */ = {isa = PBXBuildFile; productRef = 16F41FCB28CA5BFD00ACA1DA /* FirebaseAuth */; };
		16F41FCE28CA5BFD00ACA1DA /* FirebaseDatabase in Frameworks */ = {isa = PBXBuildFile; productRef = 16F41FCD28CA5BFD00ACA1DA /* FirebaseDatabase */; };
		16F41FD028CA5BFD00ACA1DA /* FirebaseStorage in Frameworks */ = {isa = PBXBuildFile; productRef = 16F41FCF28CA5BFD00ACA1DA /* FirebaseStorage */; };
		16FAAB6F28EC27FF00E30F65 /* UIImageExtension.swift in Sources */ = {isa = PBXBuildFile; fileRef = 16FAAB6E28EC27FF00E30F65 /* UIImageExtension.swift */; };
		16FAAB7128ED28FD00E30F65 /* FirebaseReference.swift in Sources */ = {isa = PBXBuildFile; fileRef = 16FAAB7028ED28FD00E30F65 /* FirebaseReference.swift */; };
		16FAAB7328ED2B9C00E30F65 /* FirebaseFirestore in Frameworks */ = {isa = PBXBuildFile; productRef = 16FAAB7228ED2B9C00E30F65 /* FirebaseFirestore */; };
		16FAAB7628EEC18300E30F65 /* FUser.swift in Sources */ = {isa = PBXBuildFile; fileRef = 16FAAB7528EEC18300E30F65 /* FUser.swift */; };
		16FAAB7A28EFD48600E30F65 /* NetworkServiceProtocol.swift in Sources */ = {isa = PBXBuildFile; fileRef = 16FAAB7928EFD48600E30F65 /* NetworkServiceProtocol.swift */; };
		16FAAB7C28EFD55800E30F65 /* NetworkServiceDefine.swift in Sources */ = {isa = PBXBuildFile; fileRef = 16FAAB7B28EFD55800E30F65 /* NetworkServiceDefine.swift */; };
		16FAAB7E28EFD7A900E30F65 /* NetworkService.swift in Sources */ = {isa = PBXBuildFile; fileRef = 16FAAB7D28EFD7A800E30F65 /* NetworkService.swift */; };
		16FAAB8128EFFB3300E30F65 /* FirebaseNetworkService.swift in Sources */ = {isa = PBXBuildFile; fileRef = 16FAAB8028EFFB3300E30F65 /* FirebaseNetworkService.swift */; };
		16FAAB8328EFFC7600E30F65 /* ServerConstant.swift in Sources */ = {isa = PBXBuildFile; fileRef = 16FAAB8228EFFC7600E30F65 /* ServerConstant.swift */; };
		16FAAB8528F0009800E30F65 /* AlamofireNetworkService.swift in Sources */ = {isa = PBXBuildFile; fileRef = 16FAAB8428F0009800E30F65 /* AlamofireNetworkService.swift */; };
		16FAAB8728F0011600E30F65 /* SessionNetworkExtension.swift in Sources */ = {isa = PBXBuildFile; fileRef = 16FAAB8628F0011600E30F65 /* SessionNetworkExtension.swift */; };
		16FAAB8928F40C4500E30F65 /* UserDefaultExtension.swift in Sources */ = {isa = PBXBuildFile; fileRef = 16FAAB8828F40C4500E30F65 /* UserDefaultExtension.swift */; };
		16FAAB8B28F4139D00E30F65 /* EndCodableExtension.swift in Sources */ = {isa = PBXBuildFile; fileRef = 16FAAB8A28F4139D00E30F65 /* EndCodableExtension.swift */; };
		16FAAB8E28F442C700E30F65 /* FUserMapper.swift in Sources */ = {isa = PBXBuildFile; fileRef = 16FAAB8D28F442C700E30F65 /* FUserMapper.swift */; };
		16FAAB9028F56F2400E30F65 /* UpdateProfileView.swift in Sources */ = {isa = PBXBuildFile; fileRef = 16FAAB8F28F56F2400E30F65 /* UpdateProfileView.swift */; };
		16FAAB9328F65E7A00E30F65 /* FileStorage.swift in Sources */ = {isa = PBXBuildFile; fileRef = 16FAAB9228F65E7A00E30F65 /* FileStorage.swift */; };
		16FAAB9528F660FF00E30F65 /* FileUtils.swift in Sources */ = {isa = PBXBuildFile; fileRef = 16FAAB9428F660FF00E30F65 /* FileUtils.swift */; };
		16FAAB9828F6803B00E30F65 /* EditInfoView.swift in Sources */ = {isa = PBXBuildFile; fileRef = 16FAAB9728F6803B00E30F65 /* EditInfoView.swift */; };
/* End PBXBuildFile section */

/* Begin PBXContainerItemProxy section */
		1616F01A2937125C0086A491 /* PBXContainerItemProxy */ = {
			isa = PBXContainerItemProxy;
			containerPortal = 1665E15828B7427D00CCEA09 /* Project object */;
			proxyType = 1;
			remoteGlobalIDString = 1616F00F293709520086A491;
			remoteInfo = YourFamilyBundle;
		};
/* End PBXContainerItemProxy section */

/* Begin PBXFileReference section */
		1616F00A293704050086A491 /* BundleExtension.swift */ = {isa = PBXFileReference; lastKnownFileType = sourcecode.swift; path = BundleExtension.swift; sourceTree = "<group>"; };
		1616F010293709520086A491 /* YourFamilyBundle.bundle */ = {isa = PBXFileReference; explicitFileType = wrapper.cfbundle; includeInIndex = 0; path = YourFamilyBundle.bundle; sourceTree = BUILT_PRODUCTS_DIR; };
		1616F01C293728B60086A491 /* .swiftlint.yml */ = {isa = PBXFileReference; fileEncoding = 4; lastKnownFileType = text.yaml; path = .swiftlint.yml; sourceTree = "<group>"; };
		1616F01F293735360086A491 /* AppDefine.swift */ = {isa = PBXFileReference; lastKnownFileType = sourcecode.swift; path = AppDefine.swift; sourceTree = "<group>"; };
		1616F021293735520086A491 /* AppKey.swift */ = {isa = PBXFileReference; lastKnownFileType = sourcecode.swift; path = AppKey.swift; sourceTree = "<group>"; };
		1616F0232937359F0086A491 /* AppText.swift */ = {isa = PBXFileReference; lastKnownFileType = sourcecode.swift; path = AppText.swift; sourceTree = "<group>"; };
		1616F026293756290086A491 /* BundleInfo.plist */ = {isa = PBXFileReference; lastKnownFileType = text.plist.xml; path = BundleInfo.plist; sourceTree = "<group>"; };
		162F764828C7300500BD49A8 /* DateInWeekHeaderView.swift */ = {isa = PBXFileReference; lastKnownFileType = sourcecode.swift; path = DateInWeekHeaderView.swift; sourceTree = "<group>"; };
		162F764A28C7305500BD49A8 /* CalendarConfig.swift */ = {isa = PBXFileReference; lastKnownFileType = sourcecode.swift; path = CalendarConfig.swift; sourceTree = "<group>"; };
		162F764E28C731B300BD49A8 /* CalendarManager.swift */ = {isa = PBXFileReference; lastKnownFileType = sourcecode.swift; path = CalendarManager.swift; sourceTree = "<group>"; };
		162F765228C73C6F00BD49A8 /* CalendarBodyView.swift */ = {isa = PBXFileReference; lastKnownFileType = sourcecode.swift; path = CalendarBodyView.swift; sourceTree = "<group>"; };
		162F765428C74AD300BD49A8 /* LunarDateView.swift */ = {isa = PBXFileReference; lastKnownFileType = sourcecode.swift; path = LunarDateView.swift; sourceTree = "<group>"; };
		162F765628C779C100BD49A8 /* CGFloatExtension.swift */ = {isa = PBXFileReference; lastKnownFileType = sourcecode.swift; path = CGFloatExtension.swift; sourceTree = "<group>"; };
		162F765A28C796C600BD49A8 /* LunarCalendarViewModel.swift */ = {isa = PBXFileReference; lastKnownFileType = sourcecode.swift; path = LunarCalendarViewModel.swift; sourceTree = "<group>"; };
		162F765C28C79B2800BD49A8 /* SettingLunarCalendarView.swift */ = {isa = PBXFileReference; lastKnownFileType = sourcecode.swift; path = SettingLunarCalendarView.swift; sourceTree = "<group>"; };
		162F765E28C84ECB00BD49A8 /* UserDefaultCommon.swift */ = {isa = PBXFileReference; fileEncoding = 4; lastKnownFileType = sourcecode.swift; path = UserDefaultCommon.swift; sourceTree = "<group>"; };
		162F766128C877FF00BD49A8 /* SettingManager.swift */ = {isa = PBXFileReference; lastKnownFileType = sourcecode.swift; path = SettingManager.swift; sourceTree = "<group>"; };
		162F766328C8787900BD49A8 /* SettingViewModel.swift */ = {isa = PBXFileReference; lastKnownFileType = sourcecode.swift; path = SettingViewModel.swift; sourceTree = "<group>"; };
		163639D728D225A4000B0B19 /* SignUpView.swift */ = {isa = PBXFileReference; lastKnownFileType = sourcecode.swift; path = SignUpView.swift; sourceTree = "<group>"; };
		163639D928D238B7000B0B19 /* GoogleService-Info.plist */ = {isa = PBXFileReference; fileEncoding = 4; lastKnownFileType = text.plist.xml; path = "GoogleService-Info.plist"; sourceTree = "<group>"; };
		16365DE828F7BB880013CC8D /* OnThisDateMapper.swift */ = {isa = PBXFileReference; lastKnownFileType = sourcecode.swift; path = OnThisDateMapper.swift; sourceTree = "<group>"; };
		16365DEC28F7C16B0013CC8D /* OnThisDateView.swift */ = {isa = PBXFileReference; lastKnownFileType = sourcecode.swift; path = OnThisDateView.swift; sourceTree = "<group>"; };
		16365DEE28F7E7200013CC8D /* CustomDialog.swift */ = {isa = PBXFileReference; lastKnownFileType = sourcecode.swift; path = CustomDialog.swift; sourceTree = "<group>"; };
		16365DF328F812060013CC8D /* MemoryCardViewModel.swift */ = {isa = PBXFileReference; lastKnownFileType = sourcecode.swift; path = MemoryCardViewModel.swift; sourceTree = "<group>"; };
		1639BD2228B85777002CCDF5 /* ColorExtension.swift */ = {isa = PBXFileReference; lastKnownFileType = sourcecode.swift; path = ColorExtension.swift; sourceTree = "<group>"; };
		1639BD2628B868DD002CCDF5 /* HomeView.swift */ = {isa = PBXFileReference; lastKnownFileType = sourcecode.swift; path = HomeView.swift; sourceTree = "<group>"; };
		1639BD2B28B8BDB0002CCDF5 /* HomeViewModel.swift */ = {isa = PBXFileReference; lastKnownFileType = sourcecode.swift; path = HomeViewModel.swift; sourceTree = "<group>"; };
		1639BD2E28B91270002CCDF5 /* DateMemoryView.swift */ = {isa = PBXFileReference; lastKnownFileType = sourcecode.swift; path = DateMemoryView.swift; sourceTree = "<group>"; };
		1639BD3128B914C2002CCDF5 /* SettingView.swift */ = {isa = PBXFileReference; lastKnownFileType = sourcecode.swift; path = SettingView.swift; sourceTree = "<group>"; };
		1639BD3428B91939002CCDF5 /* ProfileView.swift */ = {isa = PBXFileReference; lastKnownFileType = sourcecode.swift; path = ProfileView.swift; sourceTree = "<group>"; };
		165E972F28B7BC8000490E01 /* Info.plist */ = {isa = PBXFileReference; fileEncoding = 4; lastKnownFileType = text.plist.xml; path = Info.plist; sourceTree = "<group>"; };
		165E973528B7C4BE00490E01 /* LoginView.swift */ = {isa = PBXFileReference; lastKnownFileType = sourcecode.swift; path = LoginView.swift; sourceTree = "<group>"; };
		165E973828B7C4E200490E01 /* LoginViewModel.swift */ = {isa = PBXFileReference; lastKnownFileType = sourcecode.swift; path = LoginViewModel.swift; sourceTree = "<group>"; };
		165E973A28B7C87A00490E01 /* AppConstant.swift */ = {isa = PBXFileReference; lastKnownFileType = sourcecode.swift; path = AppConstant.swift; sourceTree = "<group>"; };
		165E973C28B7CAA800490E01 /* StringExtension.swift */ = {isa = PBXFileReference; lastKnownFileType = sourcecode.swift; path = StringExtension.swift; sourceTree = "<group>"; };
		1665E16028B7427D00CCEA09 /* YourFamily.app */ = {isa = PBXFileReference; explicitFileType = wrapper.application; includeInIndex = 0; path = YourFamily.app; sourceTree = BUILT_PRODUCTS_DIR; };
		1665E16328B7427D00CCEA09 /* YourFamilyApp.swift */ = {isa = PBXFileReference; lastKnownFileType = sourcecode.swift; path = YourFamilyApp.swift; sourceTree = "<group>"; };
		1665E16528B7427D00CCEA09 /* ContentView.swift */ = {isa = PBXFileReference; lastKnownFileType = sourcecode.swift; path = ContentView.swift; sourceTree = "<group>"; };
		1665E16728B7427F00CCEA09 /* Assets.xcassets */ = {isa = PBXFileReference; lastKnownFileType = folder.assetcatalog; path = Assets.xcassets; sourceTree = "<group>"; };
		1665E16A28B7427F00CCEA09 /* Preview Assets.xcassets */ = {isa = PBXFileReference; lastKnownFileType = folder.assetcatalog; path = "Preview Assets.xcassets"; sourceTree = "<group>"; };
		167090CD28D42E300022BA8F /* CalendarCoordinator.swift */ = {isa = PBXFileReference; lastKnownFileType = sourcecode.swift; path = CalendarCoordinator.swift; sourceTree = "<group>"; };
		167090CF28D484370022BA8F /* MemoryCardView.swift */ = {isa = PBXFileReference; lastKnownFileType = sourcecode.swift; path = MemoryCardView.swift; sourceTree = "<group>"; };
		16828E1228BCBB150054081A /* MemoryCalendarView.swift */ = {isa = PBXFileReference; lastKnownFileType = sourcecode.swift; path = MemoryCalendarView.swift; sourceTree = "<group>"; };
		16828E1428BCBBE90054081A /* CalendarMemoryItem.swift */ = {isa = PBXFileReference; lastKnownFileType = sourcecode.swift; path = CalendarMemoryItem.swift; sourceTree = "<group>"; };
		16828E1628BCC0D60054081A /* CalendarPagingCellView.swift */ = {isa = PBXFileReference; lastKnownFileType = sourcecode.swift; path = CalendarPagingCellView.swift; sourceTree = "<group>"; };
		16828E1828BCC53E0054081A /* DateMemoryViewModel.swift */ = {isa = PBXFileReference; lastKnownFileType = sourcecode.swift; path = DateMemoryViewModel.swift; sourceTree = "<group>"; };
		16828E1A28BD11A40054081A /* DateExtension.swift */ = {isa = PBXFileReference; lastKnownFileType = sourcecode.swift; path = DateExtension.swift; sourceTree = "<group>"; };
		16828E1C28BD14E50054081A /* DateFormatterExtension.swift */ = {isa = PBXFileReference; lastKnownFileType = sourcecode.swift; path = DateFormatterExtension.swift; sourceTree = "<group>"; };
		16828E3328C5A6E30054081A /* DateUtils.swift */ = {isa = PBXFileReference; lastKnownFileType = sourcecode.swift; path = DateUtils.swift; sourceTree = "<group>"; };
		1693F50728FB327C00C2412F /* SearchResponseTableViewController.swift */ = {isa = PBXFileReference; fileEncoding = 4; lastKnownFileType = sourcecode.swift; path = SearchResponseTableViewController.swift; sourceTree = "<group>"; };
		1693F50828FB327D00C2412F /* MapItemPickerViewController.swift */ = {isa = PBXFileReference; fileEncoding = 4; lastKnownFileType = sourcecode.swift; path = MapItemPickerViewController.swift; sourceTree = "<group>"; };
		1693F50928FB327D00C2412F /* MapItemPickerSheet.swift */ = {isa = PBXFileReference; fileEncoding = 4; lastKnownFileType = sourcecode.swift; path = MapItemPickerSheet.swift; sourceTree = "<group>"; };
		1693F50A28FB327D00C2412F /* SearchCompletionsTableViewController.swift */ = {isa = PBXFileReference; fileEncoding = 4; lastKnownFileType = sourcecode.swift; path = SearchCompletionsTableViewController.swift; sourceTree = "<group>"; };
		169C0ED728FDB5FA007DAF83 /* YourNoteViewModel.swift */ = {isa = PBXFileReference; lastKnownFileType = sourcecode.swift; path = YourNoteViewModel.swift; sourceTree = "<group>"; };
		169C0ED928FDBC0F007DAF83 /* CashInModel.swift */ = {isa = PBXFileReference; lastKnownFileType = sourcecode.swift; path = CashInModel.swift; sourceTree = "<group>"; };
		169C0F4A28FFB45F007DAF83 /* FloatingMenuView.swift */ = {isa = PBXFileReference; lastKnownFileType = sourcecode.swift; path = FloatingMenuView.swift; sourceTree = "<group>"; };
		169C0F4C28FFC185007DAF83 /* ActionSheetCustom.swift */ = {isa = PBXFileReference; lastKnownFileType = sourcecode.swift; path = ActionSheetCustom.swift; sourceTree = "<group>"; };
		169C0F4E28FFD5F5007DAF83 /* BudgeMenuView.swift */ = {isa = PBXFileReference; lastKnownFileType = sourcecode.swift; path = BudgeMenuView.swift; sourceTree = "<group>"; };
		169C0F502900006A007DAF83 /* BudgeMenuViewModel.swift */ = {isa = PBXFileReference; lastKnownFileType = sourcecode.swift; path = BudgeMenuViewModel.swift; sourceTree = "<group>"; };
		169C0F522907A05E007DAF83 /* OnNotesMapper.swift */ = {isa = PBXFileReference; lastKnownFileType = sourcecode.swift; path = OnNotesMapper.swift; sourceTree = "<group>"; };
		169C0F542907CCA9007DAF83 /* ForgotPassword.swift */ = {isa = PBXFileReference; lastKnownFileType = sourcecode.swift; path = ForgotPassword.swift; sourceTree = "<group>"; };
		169C0F562907CD13007DAF83 /* ForgotPasswordViewModel.swift */ = {isa = PBXFileReference; lastKnownFileType = sourcecode.swift; path = ForgotPasswordViewModel.swift; sourceTree = "<group>"; };
		16AB078028C5E7EF005D885F /* ViewExtension.swift */ = {isa = PBXFileReference; lastKnownFileType = sourcecode.swift; path = ViewExtension.swift; sourceTree = "<group>"; };
		16AB078328C5F1D6005D885F /* ProfileViewModel.swift */ = {isa = PBXFileReference; lastKnownFileType = sourcecode.swift; path = ProfileViewModel.swift; sourceTree = "<group>"; };
		16AB078528C71C3A005D885F /* LunarCalendarView.swift */ = {isa = PBXFileReference; lastKnownFileType = sourcecode.swift; path = LunarCalendarView.swift; sourceTree = "<group>"; };
		16AB078728C7252C005D885F /* YourNoteView.swift */ = {isa = PBXFileReference; lastKnownFileType = sourcecode.swift; path = YourNoteView.swift; sourceTree = "<group>"; };
		16B95A9228B76FDF00CA3B72 /* AppRouterManager.swift */ = {isa = PBXFileReference; lastKnownFileType = sourcecode.swift; path = AppRouterManager.swift; sourceTree = "<group>"; };
		16B95A9428B7703C00CA3B72 /* RouterView.swift */ = {isa = PBXFileReference; lastKnownFileType = sourcecode.swift; path = RouterView.swift; sourceTree = "<group>"; };
		16B95A9628B7707100CA3B72 /* RouterViewModel.swift */ = {isa = PBXFileReference; lastKnownFileType = sourcecode.swift; path = RouterViewModel.swift; sourceTree = "<group>"; };
		16CB7E4A2935D9A200137C37 /* en */ = {isa = PBXFileReference; lastKnownFileType = text.plist.strings; name = en; path = en.lproj/Localizable.strings; sourceTree = "<group>"; };
		16CB7E4C2935D9F300137C37 /* vi */ = {isa = PBXFileReference; lastKnownFileType = text.plist.strings; name = vi; path = vi.lproj/Localizable.strings; sourceTree = "<group>"; };
		16CB7E4F2935DC9200137C37 /* Localization.swift */ = {isa = PBXFileReference; lastKnownFileType = sourcecode.swift; path = Localization.swift; sourceTree = "<group>"; };
		16DBF79D28E1A097006DDBE7 /* MenuViewProfile.swift */ = {isa = PBXFileReference; lastKnownFileType = sourcecode.swift; path = MenuViewProfile.swift; sourceTree = "<group>"; };
		16DBF79F28E47F2B006DDBE7 /* ImagePicker.swift */ = {isa = PBXFileReference; lastKnownFileType = sourcecode.swift; path = ImagePicker.swift; sourceTree = "<group>"; };
		16F056CC28F72134005A65B6 /* OnThisDayCardView.swift */ = {isa = PBXFileReference; lastKnownFileType = sourcecode.swift; path = OnThisDayCardView.swift; sourceTree = "<group>"; };
		16F056CE28F72174005A65B6 /* OnThisDayModel.swift */ = {isa = PBXFileReference; lastKnownFileType = sourcecode.swift; path = OnThisDayModel.swift; sourceTree = "<group>"; };
		16FAAB6E28EC27FF00E30F65 /* UIImageExtension.swift */ = {isa = PBXFileReference; lastKnownFileType = sourcecode.swift; path = UIImageExtension.swift; sourceTree = "<group>"; };
		16FAAB7028ED28FD00E30F65 /* FirebaseReference.swift */ = {isa = PBXFileReference; lastKnownFileType = sourcecode.swift; path = FirebaseReference.swift; sourceTree = "<group>"; };
		16FAAB7528EEC18300E30F65 /* FUser.swift */ = {isa = PBXFileReference; lastKnownFileType = sourcecode.swift; name = FUser.swift; path = YourFamily/Utils/FUser.swift; sourceTree = SOURCE_ROOT; };
		16FAAB7928EFD48600E30F65 /* NetworkServiceProtocol.swift */ = {isa = PBXFileReference; lastKnownFileType = sourcecode.swift; path = NetworkServiceProtocol.swift; sourceTree = "<group>"; };
		16FAAB7B28EFD55800E30F65 /* NetworkServiceDefine.swift */ = {isa = PBXFileReference; lastKnownFileType = sourcecode.swift; path = NetworkServiceDefine.swift; sourceTree = "<group>"; };
		16FAAB7D28EFD7A800E30F65 /* NetworkService.swift */ = {isa = PBXFileReference; lastKnownFileType = sourcecode.swift; path = NetworkService.swift; sourceTree = "<group>"; };
		16FAAB8028EFFB3300E30F65 /* FirebaseNetworkService.swift */ = {isa = PBXFileReference; lastKnownFileType = sourcecode.swift; path = FirebaseNetworkService.swift; sourceTree = "<group>"; };
		16FAAB8228EFFC7600E30F65 /* ServerConstant.swift */ = {isa = PBXFileReference; lastKnownFileType = sourcecode.swift; path = ServerConstant.swift; sourceTree = "<group>"; };
		16FAAB8428F0009800E30F65 /* AlamofireNetworkService.swift */ = {isa = PBXFileReference; lastKnownFileType = sourcecode.swift; path = AlamofireNetworkService.swift; sourceTree = "<group>"; };
		16FAAB8628F0011600E30F65 /* SessionNetworkExtension.swift */ = {isa = PBXFileReference; lastKnownFileType = sourcecode.swift; path = SessionNetworkExtension.swift; sourceTree = "<group>"; };
		16FAAB8828F40C4500E30F65 /* UserDefaultExtension.swift */ = {isa = PBXFileReference; lastKnownFileType = sourcecode.swift; path = UserDefaultExtension.swift; sourceTree = "<group>"; };
		16FAAB8A28F4139D00E30F65 /* EndCodableExtension.swift */ = {isa = PBXFileReference; lastKnownFileType = sourcecode.swift; path = EndCodableExtension.swift; sourceTree = "<group>"; };
		16FAAB8D28F442C700E30F65 /* FUserMapper.swift */ = {isa = PBXFileReference; lastKnownFileType = sourcecode.swift; path = FUserMapper.swift; sourceTree = "<group>"; };
		16FAAB8F28F56F2400E30F65 /* UpdateProfileView.swift */ = {isa = PBXFileReference; lastKnownFileType = sourcecode.swift; path = UpdateProfileView.swift; sourceTree = "<group>"; };
		16FAAB9228F65E7A00E30F65 /* FileStorage.swift */ = {isa = PBXFileReference; lastKnownFileType = sourcecode.swift; path = FileStorage.swift; sourceTree = "<group>"; };
		16FAAB9428F660FF00E30F65 /* FileUtils.swift */ = {isa = PBXFileReference; lastKnownFileType = sourcecode.swift; path = FileUtils.swift; sourceTree = "<group>"; };
		16FAAB9728F6803B00E30F65 /* EditInfoView.swift */ = {isa = PBXFileReference; lastKnownFileType = sourcecode.swift; path = EditInfoView.swift; sourceTree = "<group>"; };
/* End PBXFileReference section */

/* Begin PBXFrameworksBuildPhase section */
		1616F00D293709520086A491 /* Frameworks */ = {
			isa = PBXFrameworksBuildPhase;
			buildActionMask = 2147483647;
			files = (
			);
			runOnlyForDeploymentPostprocessing = 0;
		};
		1665E15D28B7427D00CCEA09 /* Frameworks */ = {
			isa = PBXFrameworksBuildPhase;
			buildActionMask = 2147483647;
			files = (
				16365DF228F7EDBE0013CC8D /* PopupView in Frameworks */,
				16828E2028BD15F10054081A /* SwiftDate in Frameworks */,
				169C0ED528FDA476007DAF83 /* SwiftUICharts in Frameworks */,
				16725F0B29093DF400810567 /* RealmSwift in Frameworks */,
				16F41FC628C99F8800ACA1DA /* Alamofire in Frameworks */,
				162F764628C72D2200BD49A8 /* CVCalendar in Frameworks */,
				16F41FD028CA5BFD00ACA1DA /* FirebaseStorage in Frameworks */,
				16828E1028BCB7970054081A /* Parchment in Frameworks */,
				16FAAB7328ED2B9C00E30F65 /* FirebaseFirestore in Frameworks */,
				1639BD2A28B8BCAC002CCDF5 /* SwiftUIPager in Frameworks */,
				16828E3728C5B2240054081A /* AlertToast in Frameworks */,
				16F41FCE28CA5BFD00ACA1DA /* FirebaseDatabase in Frameworks */,
				169C0F5A2907E87E007DAF83 /* SwiftUICommon in Frameworks */,
				1639BD2128B7E382002CCDF5 /* FacebookLogin in Frameworks */,
				16F41FCC28CA5BFD00ACA1DA /* FirebaseAuth in Frameworks */,
			);
			runOnlyForDeploymentPostprocessing = 0;
		};
/* End PBXFrameworksBuildPhase section */

/* Begin PBXGroup section */
		1616F01E293735260086A491 /* Define */ = {
			isa = PBXGroup;
			children = (
				1616F01F293735360086A491 /* AppDefine.swift */,
				1616F021293735520086A491 /* AppKey.swift */,
				1616F0232937359F0086A491 /* AppText.swift */,
			);
			path = Define;
			sourceTree = "<group>";
		};
		162F765828C77AFB00BD49A8 /* Main */ = {
			isa = PBXGroup;
			children = (
				1639BD2E28B91270002CCDF5 /* DateMemoryView.swift */,
			);
			path = Main;
			sourceTree = "<group>";
		};
		162F765928C77B6400BD49A8 /* Note */ = {
			isa = PBXGroup;
			children = (
				16AB078728C7252C005D885F /* YourNoteView.swift */,
				169C0F4E28FFD5F5007DAF83 /* BudgeMenuView.swift */,
			);
			path = Note;
			sourceTree = "<group>";
		};
		162F766028C877F000BD49A8 /* Settings */ = {
			isa = PBXGroup;
			children = (
				162F766128C877FF00BD49A8 /* SettingManager.swift */,
				162F766328C8787900BD49A8 /* SettingViewModel.swift */,
			);
			path = Settings;
			sourceTree = "<group>";
		};
		16365DEA28F7C11A0013CC8D /* Lunar */ = {
			isa = PBXGroup;
			children = (
				167090CD28D42E300022BA8F /* CalendarCoordinator.swift */,
				162F765428C74AD300BD49A8 /* LunarDateView.swift */,
				162F765228C73C6F00BD49A8 /* CalendarBodyView.swift */,
				162F764A28C7305500BD49A8 /* CalendarConfig.swift */,
				162F764828C7300500BD49A8 /* DateInWeekHeaderView.swift */,
			);
			path = Lunar;
			sourceTree = "<group>";
		};
		16365DEB28F7C1500013CC8D /* OnThisDayView */ = {
			isa = PBXGroup;
			children = (
				16F056CC28F72134005A65B6 /* OnThisDayCardView.swift */,
				16365DEC28F7C16B0013CC8D /* OnThisDateView.swift */,
			);
			path = OnThisDayView;
			sourceTree = "<group>";
		};
		1639BD2428B868C6002CCDF5 /* Home */ = {
			isa = PBXGroup;
			children = (
				1639BD2628B868DD002CCDF5 /* HomeView.swift */,
			);
			path = Home;
			sourceTree = "<group>";
		};
		1639BD2528B868CD002CCDF5 /* Home */ = {
			isa = PBXGroup;
			children = (
				1639BD2B28B8BDB0002CCDF5 /* HomeViewModel.swift */,
			);
			path = Home;
			sourceTree = "<group>";
		};
		1639BD2D28B91259002CCDF5 /* DateMemory */ = {
			isa = PBXGroup;
			children = (
				162F765928C77B6400BD49A8 /* Note */,
				162F765828C77AFB00BD49A8 /* Main */,
				16AB078928C72809005D885F /* LunarCalendar */,
				16828E1128BCBAF40054081A /* CalendarMemoryView */,
			);
			path = DateMemory;
			sourceTree = "<group>";
		};
		1639BD3028B914AE002CCDF5 /* Setting */ = {
			isa = PBXGroup;
			children = (
				1639BD3128B914C2002CCDF5 /* SettingView.swift */,
				162F765C28C79B2800BD49A8 /* SettingLunarCalendarView.swift */,
			);
			path = Setting;
			sourceTree = "<group>";
		};
		1639BD3328B9192E002CCDF5 /* Profile */ = {
			isa = PBXGroup;
			children = (
				16FAAB9628F6802700E30F65 /* Sub */,
				1639BD3428B91939002CCDF5 /* ProfileView.swift */,
				16DBF79D28E1A097006DDBE7 /* MenuViewProfile.swift */,
				16FAAB8F28F56F2400E30F65 /* UpdateProfileView.swift */,
			);
			path = Profile;
			sourceTree = "<group>";
		};
		1639BD3628B9DA2A002CCDF5 /* DateMemory */ = {
			isa = PBXGroup;
			children = (
				16828E1428BCBBE90054081A /* CalendarMemoryItem.swift */,
				16828E1828BCC53E0054081A /* DateMemoryViewModel.swift */,
				162F765A28C796C600BD49A8 /* LunarCalendarViewModel.swift */,
				16365DF328F812060013CC8D /* MemoryCardViewModel.swift */,
			);
			path = DateMemory;
			sourceTree = "<group>";
		};
		165E973428B7C13C00490E01 /* Login */ = {
			isa = PBXGroup;
			children = (
				165E973528B7C4BE00490E01 /* LoginView.swift */,
				163639D728D225A4000B0B19 /* SignUpView.swift */,
				169C0F542907CCA9007DAF83 /* ForgotPassword.swift */,
			);
			path = Login;
			sourceTree = "<group>";
		};
		165E973728B7C4D100490E01 /* Login */ = {
			isa = PBXGroup;
			children = (
				165E973828B7C4E200490E01 /* LoginViewModel.swift */,
				169C0F562907CD13007DAF83 /* ForgotPasswordViewModel.swift */,
			);
			path = Login;
			sourceTree = "<group>";
		};
		1665E15728B7427D00CCEA09 = {
			isa = PBXGroup;
			children = (
				16CB7E4D2935DC6300137C37 /* Resources */,
				1665E16228B7427D00CCEA09 /* YourFamily */,
				1665E16128B7427D00CCEA09 /* Products */,
				16B95A9D28B7833000CA3B72 /* Frameworks */,
			);
			sourceTree = "<group>";
		};
		1665E16128B7427D00CCEA09 /* Products */ = {
			isa = PBXGroup;
			children = (
				1665E16028B7427D00CCEA09 /* YourFamily.app */,
				1616F010293709520086A491 /* YourFamilyBundle.bundle */,
			);
			name = Products;
			sourceTree = "<group>";
		};
		1665E16228B7427D00CCEA09 /* YourFamily */ = {
			isa = PBXGroup;
			children = (
				1616F01E293735260086A491 /* Define */,
				1616F01C293728B60086A491 /* .swiftlint.yml */,
				16FAAB7728EFD46200E30F65 /* Repository */,
				16FAAB7428EEC17A00E30F65 /* Model */,
				163639D928D238B7000B0B19 /* GoogleService-Info.plist */,
				165E972F28B7BC8000490E01 /* Info.plist */,
				16B95A8F28B747EB00CA3B72 /* Common */,
				16B95A8E28B747CE00CA3B72 /* ViewModel */,
				16B95A8D28B747C600CA3B72 /* Views */,
				16B95A8C28B747BD00CA3B72 /* Utils */,
				1665E16728B7427F00CCEA09 /* Assets.xcassets */,
				1665E16928B7427F00CCEA09 /* Preview Content */,
				1616F026293756290086A491 /* BundleInfo.plist */,
			);
			path = YourFamily;
			sourceTree = "<group>";
		};
		1665E16928B7427F00CCEA09 /* Preview Content */ = {
			isa = PBXGroup;
			children = (
				1665E16A28B7427F00CCEA09 /* Preview Assets.xcassets */,
			);
			path = "Preview Content";
			sourceTree = "<group>";
		};
		16828E1128BCBAF40054081A /* CalendarMemoryView */ = {
			isa = PBXGroup;
			children = (
				16828E1228BCBB150054081A /* MemoryCalendarView.swift */,
				16828E1628BCC0D60054081A /* CalendarPagingCellView.swift */,
				167090CF28D484370022BA8F /* MemoryCardView.swift */,
			);
			path = CalendarMemoryView;
			sourceTree = "<group>";
		};
		1693F50428FB2B8700C2412F /* MapView */ = {
			isa = PBXGroup;
			children = (
				1693F50928FB327D00C2412F /* MapItemPickerSheet.swift */,
				1693F50828FB327D00C2412F /* MapItemPickerViewController.swift */,
				1693F50A28FB327D00C2412F /* SearchCompletionsTableViewController.swift */,
				1693F50728FB327C00C2412F /* SearchResponseTableViewController.swift */,
			);
			path = MapView;
			sourceTree = "<group>";
		};
		169C0ED628FDB5EF007DAF83 /* YourNote */ = {
			isa = PBXGroup;
			children = (
				169C0ED728FDB5FA007DAF83 /* YourNoteViewModel.swift */,
				169C0F502900006A007DAF83 /* BudgeMenuViewModel.swift */,
			);
			path = YourNote;
			sourceTree = "<group>";
		};
		16AB078228C5F1C9005D885F /* Profile */ = {
			isa = PBXGroup;
			children = (
				16AB078328C5F1D6005D885F /* ProfileViewModel.swift */,
			);
			path = Profile;
			sourceTree = "<group>";
		};
		16AB078928C72809005D885F /* LunarCalendar */ = {
			isa = PBXGroup;
			children = (
				16365DEB28F7C1500013CC8D /* OnThisDayView */,
				16365DEA28F7C11A0013CC8D /* Lunar */,
				16AB078528C71C3A005D885F /* LunarCalendarView.swift */,
				162F764E28C731B300BD49A8 /* CalendarManager.swift */,
			);
			path = LunarCalendar;
			sourceTree = "<group>";
		};
		16B95A8C28B747BD00CA3B72 /* Utils */ = {
			isa = PBXGroup;
			children = (
				162F765E28C84ECB00BD49A8 /* UserDefaultCommon.swift */,
				16B95A9028B747F500CA3B72 /* Extension */,
				16828E3328C5A6E30054081A /* DateUtils.swift */,
				16FAAB9428F660FF00E30F65 /* FileUtils.swift */,
			);
			path = Utils;
			sourceTree = "<group>";
		};
		16B95A8D28B747C600CA3B72 /* Views */ = {
			isa = PBXGroup;
			children = (
				1693F50428FB2B8700C2412F /* MapView */,
				1639BD3328B9192E002CCDF5 /* Profile */,
				1639BD3028B914AE002CCDF5 /* Setting */,
				1639BD2D28B91259002CCDF5 /* DateMemory */,
				1639BD2428B868C6002CCDF5 /* Home */,
				165E973428B7C13C00490E01 /* Login */,
				1665E16328B7427D00CCEA09 /* YourFamilyApp.swift */,
				1665E16528B7427D00CCEA09 /* ContentView.swift */,
				16B95A9428B7703C00CA3B72 /* RouterView.swift */,
			);
			path = Views;
			sourceTree = "<group>";
		};
		16B95A8E28B747CE00CA3B72 /* ViewModel */ = {
			isa = PBXGroup;
			children = (
				169C0ED628FDB5EF007DAF83 /* YourNote */,
				16FAAB8C28F442BD00E30F65 /* Mapper */,
				162F766028C877F000BD49A8 /* Settings */,
				16AB078228C5F1C9005D885F /* Profile */,
				1639BD3628B9DA2A002CCDF5 /* DateMemory */,
				1639BD2528B868CD002CCDF5 /* Home */,
				165E973728B7C4D100490E01 /* Login */,
				16B95A9628B7707100CA3B72 /* RouterViewModel.swift */,
			);
			path = ViewModel;
			sourceTree = "<group>";
		};
		16B95A8F28B747EB00CA3B72 /* Common */ = {
			isa = PBXGroup;
			children = (
				16FAAB9128F65E2B00E30F65 /* Firebase */,
				16B95A9128B761AD00CA3B72 /* Manager */,
				16DBF79F28E47F2B006DDBE7 /* ImagePicker.swift */,
				16FAAB8228EFFC7600E30F65 /* ServerConstant.swift */,
				16365DEE28F7E7200013CC8D /* CustomDialog.swift */,
				169C0F4A28FFB45F007DAF83 /* FloatingMenuView.swift */,
				169C0F4C28FFC185007DAF83 /* ActionSheetCustom.swift */,
			);
			path = Common;
			sourceTree = "<group>";
		};
		16B95A9028B747F500CA3B72 /* Extension */ = {
			isa = PBXGroup;
			children = (
				165E973C28B7CAA800490E01 /* StringExtension.swift */,
				1639BD2228B85777002CCDF5 /* ColorExtension.swift */,
				16828E1A28BD11A40054081A /* DateExtension.swift */,
				16828E1C28BD14E50054081A /* DateFormatterExtension.swift */,
				16AB078028C5E7EF005D885F /* ViewExtension.swift */,
				162F765628C779C100BD49A8 /* CGFloatExtension.swift */,
				16FAAB6E28EC27FF00E30F65 /* UIImageExtension.swift */,
				16FAAB8628F0011600E30F65 /* SessionNetworkExtension.swift */,
				16FAAB8828F40C4500E30F65 /* UserDefaultExtension.swift */,
				16FAAB8A28F4139D00E30F65 /* EndCodableExtension.swift */,
				1616F00A293704050086A491 /* BundleExtension.swift */,
			);
			path = Extension;
			sourceTree = "<group>";
		};
		16B95A9128B761AD00CA3B72 /* Manager */ = {
			isa = PBXGroup;
			children = (
				16B95A9228B76FDF00CA3B72 /* AppRouterManager.swift */,
				165E973A28B7C87A00490E01 /* AppConstant.swift */,
			);
			path = Manager;
			sourceTree = "<group>";
		};
		16B95A9D28B7833000CA3B72 /* Frameworks */ = {
			isa = PBXGroup;
			children = (
			);
			name = Frameworks;
			sourceTree = "<group>";
		};
		16CB7E4D2935DC6300137C37 /* Resources */ = {
			isa = PBXGroup;
			children = (
				16CB7E4E2935DC7D00137C37 /* Localization */,
			);
			path = Resources;
			sourceTree = "<group>";
		};
		16CB7E4E2935DC7D00137C37 /* Localization */ = {
			isa = PBXGroup;
			children = (
				16CB7E4B2935D9A200137C37 /* Localizable.strings */,
				16CB7E4F2935DC9200137C37 /* Localization.swift */,
			);
			path = Localization;
			sourceTree = "<group>";
		};
		16FAAB7428EEC17A00E30F65 /* Model */ = {
			isa = PBXGroup;
			children = (
				16FAAB7528EEC18300E30F65 /* FUser.swift */,
				16F056CE28F72174005A65B6 /* OnThisDayModel.swift */,
				169C0ED928FDBC0F007DAF83 /* CashInModel.swift */,
			);
			path = Model;
			sourceTree = "<group>";
		};
		16FAAB7728EFD46200E30F65 /* Repository */ = {
			isa = PBXGroup;
			children = (
				16FAAB7F28EFF86300E30F65 /* FirebaseDB */,
				16FAAB7828EFD47100E30F65 /* DataLayer */,
			);
			path = Repository;
			sourceTree = "<group>";
		};
		16FAAB7828EFD47100E30F65 /* DataLayer */ = {
			isa = PBXGroup;
			children = (
				16FAAB7928EFD48600E30F65 /* NetworkServiceProtocol.swift */,
				16FAAB7B28EFD55800E30F65 /* NetworkServiceDefine.swift */,
				16FAAB7D28EFD7A800E30F65 /* NetworkService.swift */,
				16FAAB8428F0009800E30F65 /* AlamofireNetworkService.swift */,
			);
			path = DataLayer;
			sourceTree = "<group>";
		};
		16FAAB7F28EFF86300E30F65 /* FirebaseDB */ = {
			isa = PBXGroup;
			children = (
				16FAAB8028EFFB3300E30F65 /* FirebaseNetworkService.swift */,
			);
			path = FirebaseDB;
			sourceTree = "<group>";
		};
		16FAAB8C28F442BD00E30F65 /* Mapper */ = {
			isa = PBXGroup;
			children = (
				16FAAB8D28F442C700E30F65 /* FUserMapper.swift */,
				16365DE828F7BB880013CC8D /* OnThisDateMapper.swift */,
				169C0F522907A05E007DAF83 /* OnNotesMapper.swift */,
			);
			path = Mapper;
			sourceTree = "<group>";
		};
		16FAAB9128F65E2B00E30F65 /* Firebase */ = {
			isa = PBXGroup;
			children = (
				16FAAB7028ED28FD00E30F65 /* FirebaseReference.swift */,
				16FAAB9228F65E7A00E30F65 /* FileStorage.swift */,
			);
			path = Firebase;
			sourceTree = "<group>";
		};
		16FAAB9628F6802700E30F65 /* Sub */ = {
			isa = PBXGroup;
			children = (
				16FAAB9728F6803B00E30F65 /* EditInfoView.swift */,
			);
			path = Sub;
			sourceTree = "<group>";
		};
/* End PBXGroup section */

/* Begin PBXNativeTarget section */
		1616F00F293709520086A491 /* YourFamilyBundle */ = {
			isa = PBXNativeTarget;
			buildConfigurationList = 1616F011293709520086A491 /* Build configuration list for PBXNativeTarget "YourFamilyBundle" */;
			buildPhases = (
				1616F00C293709520086A491 /* Sources */,
				1616F00D293709520086A491 /* Frameworks */,
				1616F00E293709520086A491 /* Resources */,
			);
			buildRules = (
			);
			dependencies = (
			);
			name = YourFamilyBundle;
			productName = YourFamilyBundle;
			productReference = 1616F010293709520086A491 /* YourFamilyBundle.bundle */;
			productType = "com.apple.product-type.bundle";
		};
		1665E15F28B7427D00CCEA09 /* YourFamily */ = {
			isa = PBXNativeTarget;
			buildConfigurationList = 1665E16E28B7427F00CCEA09 /* Build configuration list for PBXNativeTarget "YourFamily" */;
			buildPhases = (
				1665E15C28B7427D00CCEA09 /* Sources */,
				1665E15D28B7427D00CCEA09 /* Frameworks */,
				1665E15E28B7427D00CCEA09 /* Resources */,
				16B95A9B28B7809600CA3B72 /* ShellScript */,
			);
			buildRules = (
			);
			dependencies = (
				1616F01B2937125C0086A491 /* PBXTargetDependency */,
			);
			name = YourFamily;
			packageProductDependencies = (
				1639BD2028B7E382002CCDF5 /* FacebookLogin */,
				1639BD2928B8BCAC002CCDF5 /* SwiftUIPager */,
				16828E0F28BCB7970054081A /* Parchment */,
				16828E1F28BD15F10054081A /* SwiftDate */,
				16828E3628C5B2240054081A /* AlertToast */,
				162F764528C72D2200BD49A8 /* CVCalendar */,
				16F41FC528C99F8800ACA1DA /* Alamofire */,
				16F41FCB28CA5BFD00ACA1DA /* FirebaseAuth */,
				16F41FCD28CA5BFD00ACA1DA /* FirebaseDatabase */,
				16F41FCF28CA5BFD00ACA1DA /* FirebaseStorage */,
				16FAAB7228ED2B9C00E30F65 /* FirebaseFirestore */,
				16365DF128F7EDBE0013CC8D /* PopupView */,
				169C0ED428FDA476007DAF83 /* SwiftUICharts */,
				169C0F592907E87E007DAF83 /* SwiftUICommon */,
				16725F0A29093DF400810567 /* RealmSwift */,
			);
			productName = YourFamily;
			productReference = 1665E16028B7427D00CCEA09 /* YourFamily.app */;
			productType = "com.apple.product-type.application";
		};
/* End PBXNativeTarget section */

/* Begin PBXProject section */
		1665E15828B7427D00CCEA09 /* Project object */ = {
			isa = PBXProject;
			attributes = {
				BuildIndependentTargetsInParallel = 1;
				LastSwiftUpdateCheck = 1320;
				LastUpgradeCheck = 1320;
				TargetAttributes = {
					1616F00F293709520086A491 = {
						CreatedOnToolsVersion = 14.0;
					};
					1665E15F28B7427D00CCEA09 = {
						CreatedOnToolsVersion = 13.2;
					};
				};
			};
			buildConfigurationList = 1665E15B28B7427D00CCEA09 /* Build configuration list for PBXProject "YourFamily" */;
			compatibilityVersion = "Xcode 13.0";
			developmentRegion = en;
			hasScannedForEncodings = 0;
			knownRegions = (
				en,
				Base,
				vi,
			);
			mainGroup = 1665E15728B7427D00CCEA09;
			packageReferences = (
				16B95A9828B77B3E00CA3B72 /* XCRemoteSwiftPackageReference "SwiftLint" */,
				165E973128B7BF3200490E01 /* XCRemoteSwiftPackageReference "facebook-ios-sdk" */,
				1639BD2828B8BCAC002CCDF5 /* XCRemoteSwiftPackageReference "SwiftUIPager" */,
				16828E0E28BCB7970054081A /* XCRemoteSwiftPackageReference "Parchment" */,
				16828E1E28BD15F10054081A /* XCRemoteSwiftPackageReference "SwiftDate" */,
				16828E3528C5B2240054081A /* XCRemoteSwiftPackageReference "AlertToast" */,
				162F764428C72D2200BD49A8 /* XCRemoteSwiftPackageReference "CVCalendar" */,
				16F41FC428C99F8800ACA1DA /* XCRemoteSwiftPackageReference "Alamofire" */,
				16F41FCA28CA5BFD00ACA1DA /* XCRemoteSwiftPackageReference "firebase-ios-sdk" */,
				16365DF028F7EDBE0013CC8D /* XCRemoteSwiftPackageReference "PopupView" */,
				169C0ED328FDA476007DAF83 /* XCRemoteSwiftPackageReference "ChartView" */,
				169C0F582907E87E007DAF83 /* XCRemoteSwiftPackageReference "SwiftUICommon" */,
				16725F0929093DF400810567 /* XCRemoteSwiftPackageReference "realm-swift" */,
			);
			productRefGroup = 1665E16128B7427D00CCEA09 /* Products */;
			projectDirPath = "";
			projectRoot = "";
			targets = (
				1665E15F28B7427D00CCEA09 /* YourFamily */,
				1616F00F293709520086A491 /* YourFamilyBundle */,
			);
		};
/* End PBXProject section */

/* Begin PBXResourcesBuildPhase section */
		1616F00E293709520086A491 /* Resources */ = {
			isa = PBXResourcesBuildPhase;
			buildActionMask = 2147483647;
			files = (
				1616F01929370BD40086A491 /* Localizable.strings in Resources */,
			);
			runOnlyForDeploymentPostprocessing = 0;
		};
		1665E15E28B7427D00CCEA09 /* Resources */ = {
			isa = PBXResourcesBuildPhase;
			buildActionMask = 2147483647;
			files = (
				1616F02529374EBD0086A491 /* YourFamilyBundle.bundle in Resources */,
				1616F01D293728B60086A491 /* .swiftlint.yml in Resources */,
				1616F01729370AE30086A491 /* GoogleService-Info.plist in Resources */,
				1616F01629370ADC0086A491 /* Preview Assets.xcassets in Resources */,
				1616F01529370AD40086A491 /* Assets.xcassets in Resources */,
			);
			runOnlyForDeploymentPostprocessing = 0;
		};
/* End PBXResourcesBuildPhase section */

/* Begin PBXShellScriptBuildPhase section */
		16B95A9B28B7809600CA3B72 /* ShellScript */ = {
			isa = PBXShellScriptBuildPhase;
			buildActionMask = 2147483647;
			files = (
			);
			inputFileListPaths = (
			);
			inputPaths = (
			);
			outputFileListPaths = (
			);
			outputPaths = (
			);
			runOnlyForDeploymentPostprocessing = 0;
			shellPath = /bin/sh;
			shellScript = "if test -d \"/opt/homebrew/bin/\"; then\n  PATH=\"/opt/homebrew/bin/:${PATH}\"\nfi\n\nexport PATH\n\nif which swiftlint >/dev/null; then\n  swiftlint lint --strict\nelse\n  echo \"warning: SwiftLint not installed, download from https://github.com/realm/SwiftLint\"\nfi\n";
		};
/* End PBXShellScriptBuildPhase section */

/* Begin PBXSourcesBuildPhase section */
		1616F00C293709520086A491 /* Sources */ = {
			isa = PBXSourcesBuildPhase;
			buildActionMask = 2147483647;
			files = (
			);
			runOnlyForDeploymentPostprocessing = 0;
		};
		1665E15C28B7427D00CCEA09 /* Sources */ = {
			isa = PBXSourcesBuildPhase;
			buildActionMask = 2147483647;
			files = (
				16AB078628C71C3A005D885F /* LunarCalendarView.swift in Sources */,
				165E973628B7C4BE00490E01 /* LoginView.swift in Sources */,
				16828E1B28BD11A40054081A /* DateExtension.swift in Sources */,
				16FAAB8728F0011600E30F65 /* SessionNetworkExtension.swift in Sources */,
				16FAAB9328F65E7A00E30F65 /* FileStorage.swift in Sources */,
				16FAAB8128EFFB3300E30F65 /* FirebaseNetworkService.swift in Sources */,
				16FAAB8528F0009800E30F65 /* AlamofireNetworkService.swift in Sources */,
				167090CE28D42E300022BA8F /* CalendarCoordinator.swift in Sources */,
				16828E1D28BD14E50054081A /* DateFormatterExtension.swift in Sources */,
				16FAAB8E28F442C700E30F65 /* FUserMapper.swift in Sources */,
				16CB7E502935DC9200137C37 /* Localization.swift in Sources */,
				1665E16628B7427D00CCEA09 /* ContentView.swift in Sources */,
				169C0EDA28FDBC0F007DAF83 /* CashInModel.swift in Sources */,
				16828E1328BCBB150054081A /* MemoryCalendarView.swift in Sources */,
				16B95A9728B7707100CA3B72 /* RouterViewModel.swift in Sources */,
				162F764B28C7305500BD49A8 /* CalendarConfig.swift in Sources */,
				169C0F572907CD13007DAF83 /* ForgotPasswordViewModel.swift in Sources */,
				162F764F28C731B300BD49A8 /* CalendarManager.swift in Sources */,
				16F056CD28F72134005A65B6 /* OnThisDayCardView.swift in Sources */,
				169C0F4F28FFD5F5007DAF83 /* BudgeMenuView.swift in Sources */,
				16FAAB8928F40C4500E30F65 /* UserDefaultExtension.swift in Sources */,
				16FAAB6F28EC27FF00E30F65 /* UIImageExtension.swift in Sources */,
				162F765528C74AD300BD49A8 /* LunarDateView.swift in Sources */,
				162F765728C779C100BD49A8 /* CGFloatExtension.swift in Sources */,
				16AB078428C5F1D6005D885F /* ProfileViewModel.swift in Sources */,
				169C0F552907CCA9007DAF83 /* ForgotPassword.swift in Sources */,
				16828E1728BCC0D60054081A /* CalendarPagingCellView.swift in Sources */,
				16B95A9328B76FDF00CA3B72 /* AppRouterManager.swift in Sources */,
				162F766228C877FF00BD49A8 /* SettingManager.swift in Sources */,
				162F765D28C79B2800BD49A8 /* SettingLunarCalendarView.swift in Sources */,
				169C0F4D28FFC185007DAF83 /* ActionSheetCustom.swift in Sources */,
				1639BD3228B914C2002CCDF5 /* SettingView.swift in Sources */,
				162F766428C8787900BD49A8 /* SettingViewModel.swift in Sources */,
				1616F00B293704050086A491 /* BundleExtension.swift in Sources */,
				16FAAB9828F6803B00E30F65 /* EditInfoView.swift in Sources */,
				16DBF79E28E1A097006DDBE7 /* MenuViewProfile.swift in Sources */,
				16365DED28F7C16B0013CC8D /* OnThisDateView.swift in Sources */,
				16828E1928BCC53E0054081A /* DateMemoryViewModel.swift in Sources */,
				162F765328C73C6F00BD49A8 /* CalendarBodyView.swift in Sources */,
				16FAAB7A28EFD48600E30F65 /* NetworkServiceProtocol.swift in Sources */,
				167090D028D484370022BA8F /* MemoryCardView.swift in Sources */,
				1665E16428B7427D00CCEA09 /* YourFamilyApp.swift in Sources */,
				169C0ED828FDB5FA007DAF83 /* YourNoteViewModel.swift in Sources */,
				16828E3428C5A6E40054081A /* DateUtils.swift in Sources */,
				1639BD2728B868DD002CCDF5 /* HomeView.swift in Sources */,
				1639BD3528B91939002CCDF5 /* ProfileView.swift in Sources */,
				16B95A9528B7703C00CA3B72 /* RouterView.swift in Sources */,
				16365DF428F812060013CC8D /* MemoryCardViewModel.swift in Sources */,
				16365DEF28F7E7200013CC8D /* CustomDialog.swift in Sources */,
				16DBF7A028E47F2B006DDBE7 /* ImagePicker.swift in Sources */,
				16F056CF28F72174005A65B6 /* OnThisDayModel.swift in Sources */,
				1639BD2F28B91270002CCDF5 /* DateMemoryView.swift in Sources */,
				16FAAB9528F660FF00E30F65 /* FileUtils.swift in Sources */,
				169C0F4B28FFB45F007DAF83 /* FloatingMenuView.swift in Sources */,
				16FAAB7128ED28FD00E30F65 /* FirebaseReference.swift in Sources */,
				1693F50C28FB327D00C2412F /* SearchResponseTableViewController.swift in Sources */,
				1639BD2C28B8BDB0002CCDF5 /* HomeViewModel.swift in Sources */,
				16FAAB7C28EFD55800E30F65 /* NetworkServiceDefine.swift in Sources */,
				162F764928C7300500BD49A8 /* DateInWeekHeaderView.swift in Sources */,
				16AB078828C7252C005D885F /* YourNoteView.swift in Sources */,
				1693F50D28FB327D00C2412F /* MapItemPickerViewController.swift in Sources */,
				165E973928B7C4E200490E01 /* LoginViewModel.swift in Sources */,
				16FAAB8328EFFC7600E30F65 /* ServerConstant.swift in Sources */,
				1616F020293735360086A491 /* AppDefine.swift in Sources */,
				165E973D28B7CAA800490E01 /* StringExtension.swift in Sources */,
				162F765B28C796C600BD49A8 /* LunarCalendarViewModel.swift in Sources */,
				16365DE928F7BB880013CC8D /* OnThisDateMapper.swift in Sources */,
				16AB078128C5E7EF005D885F /* ViewExtension.swift in Sources */,
				165E973B28B7C87A00490E01 /* AppConstant.swift in Sources */,
				163639D828D225A4000B0B19 /* SignUpView.swift in Sources */,
				1693F50E28FB327D00C2412F /* MapItemPickerSheet.swift in Sources */,
				16FAAB7628EEC18300E30F65 /* FUser.swift in Sources */,
				16FAAB9028F56F2400E30F65 /* UpdateProfileView.swift in Sources */,
				169C0F532907A05E007DAF83 /* OnNotesMapper.swift in Sources */,
				16828E1528BCBBE90054081A /* CalendarMemoryItem.swift in Sources */,
				1616F022293735520086A491 /* AppKey.swift in Sources */,
				16FAAB8B28F4139D00E30F65 /* EndCodableExtension.swift in Sources */,
				1639BD2328B85777002CCDF5 /* ColorExtension.swift in Sources */,
				1616F0242937359F0086A491 /* AppText.swift in Sources */,
				16FAAB7E28EFD7A900E30F65 /* NetworkService.swift in Sources */,
				162F765F28C84ECB00BD49A8 /* UserDefaultCommon.swift in Sources */,
				1693F50F28FB327D00C2412F /* SearchCompletionsTableViewController.swift in Sources */,
				169C0F512900006A007DAF83 /* BudgeMenuViewModel.swift in Sources */,
			);
			runOnlyForDeploymentPostprocessing = 0;
		};
/* End PBXSourcesBuildPhase section */

/* Begin PBXTargetDependency section */
		1616F01B2937125C0086A491 /* PBXTargetDependency */ = {
			isa = PBXTargetDependency;
			target = 1616F00F293709520086A491 /* YourFamilyBundle */;
			targetProxy = 1616F01A2937125C0086A491 /* PBXContainerItemProxy */;
		};
/* End PBXTargetDependency section */

/* Begin PBXVariantGroup section */
		16CB7E4B2935D9A200137C37 /* Localizable.strings */ = {
			isa = PBXVariantGroup;
			children = (
				16CB7E4A2935D9A200137C37 /* en */,
				16CB7E4C2935D9F300137C37 /* vi */,
			);
			name = Localizable.strings;
			sourceTree = "<group>";
		};
/* End PBXVariantGroup section */

/* Begin XCBuildConfiguration section */
		1616F012293709520086A491 /* Debug */ = {
			isa = XCBuildConfiguration;
			buildSettings = {
				CLANG_CXX_LANGUAGE_STANDARD = "gnu++20";
				CODE_SIGN_STYLE = Automatic;
				COMBINE_HIDPI_IMAGES = YES;
				CURRENT_PROJECT_VERSION = 1;
				DEVELOPMENT_TEAM = AP58YLHQ2S;
				GENERATE_INFOPLIST_FILE = YES;
				INFOPLIST_KEY_NSHumanReadableCopyright = "";
				INFOPLIST_KEY_NSPrincipalClass = "";
				INSTALL_PATH = "$(LOCAL_LIBRARY_DIR)/Bundles";
				MACOSX_DEPLOYMENT_TARGET = 12.3;
				MARKETING_VERSION = 1.0;
				PRODUCT_BUNDLE_IDENTIFIER = com.tl.yourfamily.YourFamilyBundle;
				PRODUCT_NAME = "$(TARGET_NAME)";
				SDKROOT = iphoneos;
				SKIP_INSTALL = YES;
				SWIFT_EMIT_LOC_STRINGS = YES;
				WRAPPER_EXTENSION = bundle;
			};
			name = Debug;
		};
		1616F013293709520086A491 /* Release */ = {
			isa = XCBuildConfiguration;
			buildSettings = {
				CLANG_CXX_LANGUAGE_STANDARD = "gnu++20";
				CODE_SIGN_STYLE = Automatic;
				COMBINE_HIDPI_IMAGES = YES;
				CURRENT_PROJECT_VERSION = 1;
				DEVELOPMENT_TEAM = AP58YLHQ2S;
				GENERATE_INFOPLIST_FILE = YES;
				INFOPLIST_KEY_NSHumanReadableCopyright = "";
				INFOPLIST_KEY_NSPrincipalClass = "";
				INSTALL_PATH = "$(LOCAL_LIBRARY_DIR)/Bundles";
				MACOSX_DEPLOYMENT_TARGET = 12.3;
				MARKETING_VERSION = 1.0;
				PRODUCT_BUNDLE_IDENTIFIER = com.tl.yourfamily.YourFamilyBundle;
				PRODUCT_NAME = "$(TARGET_NAME)";
				SDKROOT = iphoneos;
				SKIP_INSTALL = YES;
				SWIFT_EMIT_LOC_STRINGS = YES;
				WRAPPER_EXTENSION = bundle;
			};
			name = Release;
		};
		1665E16C28B7427F00CCEA09 /* Debug */ = {
			isa = XCBuildConfiguration;
			buildSettings = {
				ALWAYS_SEARCH_USER_PATHS = NO;
				CLANG_ANALYZER_LOCALIZABILITY_NONLOCALIZED = YES;
				CLANG_ANALYZER_NONNULL = YES;
				CLANG_ANALYZER_NUMBER_OBJECT_CONVERSION = YES_AGGRESSIVE;
				CLANG_CXX_LANGUAGE_STANDARD = "gnu++17";
				CLANG_CXX_LIBRARY = "libc++";
				CLANG_ENABLE_MODULES = YES;
				CLANG_ENABLE_OBJC_ARC = YES;
				CLANG_ENABLE_OBJC_WEAK = YES;
				CLANG_WARN_BLOCK_CAPTURE_AUTORELEASING = YES;
				CLANG_WARN_BOOL_CONVERSION = YES;
				CLANG_WARN_COMMA = YES;
				CLANG_WARN_CONSTANT_CONVERSION = YES;
				CLANG_WARN_DEPRECATED_OBJC_IMPLEMENTATIONS = YES;
				CLANG_WARN_DIRECT_OBJC_ISA_USAGE = YES_ERROR;
				CLANG_WARN_DOCUMENTATION_COMMENTS = YES;
				CLANG_WARN_EMPTY_BODY = YES;
				CLANG_WARN_ENUM_CONVERSION = YES;
				CLANG_WARN_INFINITE_RECURSION = YES;
				CLANG_WARN_INT_CONVERSION = YES;
				CLANG_WARN_NON_LITERAL_NULL_CONVERSION = YES;
				CLANG_WARN_OBJC_IMPLICIT_RETAIN_SELF = YES;
				CLANG_WARN_OBJC_LITERAL_CONVERSION = YES;
				CLANG_WARN_OBJC_ROOT_CLASS = YES_ERROR;
				CLANG_WARN_QUOTED_INCLUDE_IN_FRAMEWORK_HEADER = YES;
				CLANG_WARN_RANGE_LOOP_ANALYSIS = YES;
				CLANG_WARN_STRICT_PROTOTYPES = YES;
				CLANG_WARN_SUSPICIOUS_MOVE = YES;
				CLANG_WARN_UNGUARDED_AVAILABILITY = YES_AGGRESSIVE;
				CLANG_WARN_UNREACHABLE_CODE = YES;
				CLANG_WARN__DUPLICATE_METHOD_MATCH = YES;
				COPY_PHASE_STRIP = NO;
				DEBUG_INFORMATION_FORMAT = dwarf;
				ENABLE_STRICT_OBJC_MSGSEND = YES;
				ENABLE_TESTABILITY = YES;
				GCC_C_LANGUAGE_STANDARD = gnu11;
				GCC_DYNAMIC_NO_PIC = NO;
				GCC_NO_COMMON_BLOCKS = YES;
				GCC_OPTIMIZATION_LEVEL = 0;
				GCC_PREPROCESSOR_DEFINITIONS = (
					"DEBUG=1",
					"$(inherited)",
				);
				GCC_WARN_64_TO_32_BIT_CONVERSION = YES;
				GCC_WARN_ABOUT_RETURN_TYPE = YES_ERROR;
				GCC_WARN_UNDECLARED_SELECTOR = YES;
				GCC_WARN_UNINITIALIZED_AUTOS = YES_AGGRESSIVE;
				GCC_WARN_UNUSED_FUNCTION = YES;
				GCC_WARN_UNUSED_VARIABLE = YES;
				IPHONEOS_DEPLOYMENT_TARGET = 15.2;
				MTL_ENABLE_DEBUG_INFO = INCLUDE_SOURCE;
				MTL_FAST_MATH = YES;
				ONLY_ACTIVE_ARCH = YES;
				SDKROOT = iphoneos;
				SWIFT_ACTIVE_COMPILATION_CONDITIONS = DEBUG;
				SWIFT_OPTIMIZATION_LEVEL = "-Onone";
			};
			name = Debug;
		};
		1665E16D28B7427F00CCEA09 /* Release */ = {
			isa = XCBuildConfiguration;
			buildSettings = {
				ALWAYS_SEARCH_USER_PATHS = NO;
				CLANG_ANALYZER_LOCALIZABILITY_NONLOCALIZED = YES;
				CLANG_ANALYZER_NONNULL = YES;
				CLANG_ANALYZER_NUMBER_OBJECT_CONVERSION = YES_AGGRESSIVE;
				CLANG_CXX_LANGUAGE_STANDARD = "gnu++17";
				CLANG_CXX_LIBRARY = "libc++";
				CLANG_ENABLE_MODULES = YES;
				CLANG_ENABLE_OBJC_ARC = YES;
				CLANG_ENABLE_OBJC_WEAK = YES;
				CLANG_WARN_BLOCK_CAPTURE_AUTORELEASING = YES;
				CLANG_WARN_BOOL_CONVERSION = YES;
				CLANG_WARN_COMMA = YES;
				CLANG_WARN_CONSTANT_CONVERSION = YES;
				CLANG_WARN_DEPRECATED_OBJC_IMPLEMENTATIONS = YES;
				CLANG_WARN_DIRECT_OBJC_ISA_USAGE = YES_ERROR;
				CLANG_WARN_DOCUMENTATION_COMMENTS = YES;
				CLANG_WARN_EMPTY_BODY = YES;
				CLANG_WARN_ENUM_CONVERSION = YES;
				CLANG_WARN_INFINITE_RECURSION = YES;
				CLANG_WARN_INT_CONVERSION = YES;
				CLANG_WARN_NON_LITERAL_NULL_CONVERSION = YES;
				CLANG_WARN_OBJC_IMPLICIT_RETAIN_SELF = YES;
				CLANG_WARN_OBJC_LITERAL_CONVERSION = YES;
				CLANG_WARN_OBJC_ROOT_CLASS = YES_ERROR;
				CLANG_WARN_QUOTED_INCLUDE_IN_FRAMEWORK_HEADER = YES;
				CLANG_WARN_RANGE_LOOP_ANALYSIS = YES;
				CLANG_WARN_STRICT_PROTOTYPES = YES;
				CLANG_WARN_SUSPICIOUS_MOVE = YES;
				CLANG_WARN_UNGUARDED_AVAILABILITY = YES_AGGRESSIVE;
				CLANG_WARN_UNREACHABLE_CODE = YES;
				CLANG_WARN__DUPLICATE_METHOD_MATCH = YES;
				COPY_PHASE_STRIP = NO;
				DEBUG_INFORMATION_FORMAT = "dwarf-with-dsym";
				ENABLE_NS_ASSERTIONS = NO;
				ENABLE_STRICT_OBJC_MSGSEND = YES;
				GCC_C_LANGUAGE_STANDARD = gnu11;
				GCC_NO_COMMON_BLOCKS = YES;
				GCC_WARN_64_TO_32_BIT_CONVERSION = YES;
				GCC_WARN_ABOUT_RETURN_TYPE = YES_ERROR;
				GCC_WARN_UNDECLARED_SELECTOR = YES;
				GCC_WARN_UNINITIALIZED_AUTOS = YES_AGGRESSIVE;
				GCC_WARN_UNUSED_FUNCTION = YES;
				GCC_WARN_UNUSED_VARIABLE = YES;
				IPHONEOS_DEPLOYMENT_TARGET = 15.2;
				MTL_ENABLE_DEBUG_INFO = NO;
				MTL_FAST_MATH = YES;
				SDKROOT = iphoneos;
				SWIFT_COMPILATION_MODE = wholemodule;
				SWIFT_OPTIMIZATION_LEVEL = "-O";
				VALIDATE_PRODUCT = YES;
			};
			name = Release;
		};
		1665E16F28B7427F00CCEA09 /* Debug */ = {
			isa = XCBuildConfiguration;
			buildSettings = {
				ASSETCATALOG_COMPILER_APPICON_NAME = AppIcon;
				ASSETCATALOG_COMPILER_GLOBAL_ACCENT_COLOR_NAME = AccentColor;
				CODE_SIGN_STYLE = Automatic;
				CURRENT_PROJECT_VERSION = 1;
				DEVELOPMENT_ASSET_PATHS = "\"YourFamily/Preview Content\"";
				DEVELOPMENT_TEAM = AP58YLHQ2S;
				ENABLE_PREVIEWS = YES;
				GENERATE_INFOPLIST_FILE = NO;
				INFOPLIST_FILE = /Users/lequangtrongtai/YourFamilyApp/YourFamily/Info.plist;
				INFOPLIST_KEY_LSApplicationCategoryType = "public.app-category.utilities";
				INFOPLIST_KEY_UIApplicationSceneManifest_Generation = YES;
				INFOPLIST_KEY_UIApplicationSupportsIndirectInputEvents = YES;
				INFOPLIST_KEY_UILaunchScreen_Generation = YES;
				INFOPLIST_KEY_UISupportedInterfaceOrientations_iPad = "UIInterfaceOrientationPortrait UIInterfaceOrientationPortraitUpsideDown UIInterfaceOrientationLandscapeLeft UIInterfaceOrientationLandscapeRight";
				INFOPLIST_KEY_UISupportedInterfaceOrientations_iPhone = "UIInterfaceOrientationPortrait UIInterfaceOrientationLandscapeLeft UIInterfaceOrientationLandscapeRight";
				LD_RUNPATH_SEARCH_PATHS = (
					"$(inherited)",
					"@executable_path/Frameworks",
				);
				MARKETING_VERSION = 1.0;
				PRODUCT_BUNDLE_IDENTIFIER = com.tl.yourfamily.YourFamily;
				PRODUCT_NAME = "$(TARGET_NAME)";
				SWIFT_EMIT_LOC_STRINGS = YES;
				SWIFT_VERSION = 5.0;
				TARGETED_DEVICE_FAMILY = 1;
			};
			name = Debug;
		};
		1665E17028B7427F00CCEA09 /* Release */ = {
			isa = XCBuildConfiguration;
			buildSettings = {
				ASSETCATALOG_COMPILER_APPICON_NAME = AppIcon;
				ASSETCATALOG_COMPILER_GLOBAL_ACCENT_COLOR_NAME = AccentColor;
				CODE_SIGN_STYLE = Automatic;
				CURRENT_PROJECT_VERSION = 1;
				DEVELOPMENT_ASSET_PATHS = "\"YourFamily/Preview Content\"";
				DEVELOPMENT_TEAM = AP58YLHQ2S;
				ENABLE_PREVIEWS = YES;
				GENERATE_INFOPLIST_FILE = NO;
				INFOPLIST_FILE = /Users/lequangtrongtai/YourFamilyApp/YourFamily/Info.plist;
				INFOPLIST_KEY_LSApplicationCategoryType = "public.app-category.utilities";
				INFOPLIST_KEY_UIApplicationSceneManifest_Generation = YES;
				INFOPLIST_KEY_UIApplicationSupportsIndirectInputEvents = YES;
				INFOPLIST_KEY_UILaunchScreen_Generation = YES;
				INFOPLIST_KEY_UISupportedInterfaceOrientations_iPad = "UIInterfaceOrientationPortrait UIInterfaceOrientationPortraitUpsideDown UIInterfaceOrientationLandscapeLeft UIInterfaceOrientationLandscapeRight";
				INFOPLIST_KEY_UISupportedInterfaceOrientations_iPhone = "UIInterfaceOrientationPortrait UIInterfaceOrientationLandscapeLeft UIInterfaceOrientationLandscapeRight";
				LD_RUNPATH_SEARCH_PATHS = (
					"$(inherited)",
					"@executable_path/Frameworks",
				);
				MARKETING_VERSION = 1.0;
				PRODUCT_BUNDLE_IDENTIFIER = com.tl.yourfamily.YourFamily;
				PRODUCT_NAME = "$(TARGET_NAME)";
				SWIFT_EMIT_LOC_STRINGS = YES;
				SWIFT_VERSION = 5.0;
				TARGETED_DEVICE_FAMILY = 1;
			};
			name = Release;
		};
/* End XCBuildConfiguration section */

/* Begin XCConfigurationList section */
		1616F011293709520086A491 /* Build configuration list for PBXNativeTarget "YourFamilyBundle" */ = {
			isa = XCConfigurationList;
			buildConfigurations = (
				1616F012293709520086A491 /* Debug */,
				1616F013293709520086A491 /* Release */,
			);
			defaultConfigurationIsVisible = 0;
			defaultConfigurationName = Release;
		};
		1665E15B28B7427D00CCEA09 /* Build configuration list for PBXProject "YourFamily" */ = {
			isa = XCConfigurationList;
			buildConfigurations = (
				1665E16C28B7427F00CCEA09 /* Debug */,
				1665E16D28B7427F00CCEA09 /* Release */,
			);
			defaultConfigurationIsVisible = 0;
			defaultConfigurationName = Release;
		};
		1665E16E28B7427F00CCEA09 /* Build configuration list for PBXNativeTarget "YourFamily" */ = {
			isa = XCConfigurationList;
			buildConfigurations = (
				1665E16F28B7427F00CCEA09 /* Debug */,
				1665E17028B7427F00CCEA09 /* Release */,
			);
			defaultConfigurationIsVisible = 0;
			defaultConfigurationName = Release;
		};
/* End XCConfigurationList section */

/* Begin XCRemoteSwiftPackageReference section */
		162F764428C72D2200BD49A8 /* XCRemoteSwiftPackageReference "CVCalendar" */ = {
			isa = XCRemoteSwiftPackageReference;
			repositoryURL = "https://github.com/CVCalendar/CVCalendar";
			requirement = {
				branch = master;
				kind = branch;
			};
		};
		16365DF028F7EDBE0013CC8D /* XCRemoteSwiftPackageReference "PopupView" */ = {
			isa = XCRemoteSwiftPackageReference;
			repositoryURL = "https://github.com/exyte/PopupView";
			requirement = {
				kind = upToNextMajorVersion;
				minimumVersion = 1.0.0;
			};
		};
		1639BD2828B8BCAC002CCDF5 /* XCRemoteSwiftPackageReference "SwiftUIPager" */ = {
			isa = XCRemoteSwiftPackageReference;
			repositoryURL = "https://github.com/fermoya/SwiftUIPager.git";
			requirement = {
				kind = upToNextMajorVersion;
				minimumVersion = 2.0.0;
			};
		};
		165E973128B7BF3200490E01 /* XCRemoteSwiftPackageReference "facebook-ios-sdk" */ = {
			isa = XCRemoteSwiftPackageReference;
			repositoryURL = "https://github.com/facebook/facebook-ios-sdk";
			requirement = {
				kind = upToNextMajorVersion;
				minimumVersion = 9.0.0;
			};
		};
		16725F0929093DF400810567 /* XCRemoteSwiftPackageReference "realm-swift" */ = {
			isa = XCRemoteSwiftPackageReference;
			repositoryURL = "https://github.com/realm/realm-swift";
			requirement = {
				branch = master;
				kind = branch;
			};
		};
		16828E0E28BCB7970054081A /* XCRemoteSwiftPackageReference "Parchment" */ = {
			isa = XCRemoteSwiftPackageReference;
			repositoryURL = "https://github.com/rechsteiner/Parchment";
			requirement = {
				branch = main;
				kind = branch;
			};
		};
		16828E1E28BD15F10054081A /* XCRemoteSwiftPackageReference "SwiftDate" */ = {
			isa = XCRemoteSwiftPackageReference;
			repositoryURL = "https://github.com/malcommac/SwiftDate";
			requirement = {
				branch = master;
				kind = branch;
			};
		};
		16828E3528C5B2240054081A /* XCRemoteSwiftPackageReference "AlertToast" */ = {
			isa = XCRemoteSwiftPackageReference;
			repositoryURL = "https://github.com/elai950/AlertToast.git";
			requirement = {
				branch = master;
				kind = branch;
			};
		};
		169C0ED328FDA476007DAF83 /* XCRemoteSwiftPackageReference "ChartView" */ = {
			isa = XCRemoteSwiftPackageReference;
			repositoryURL = "https://github.com/AppPear/ChartView";
			requirement = {
				kind = upToNextMajorVersion;
				minimumVersion = 1.5.2;
			};
		};
		169C0F582907E87E007DAF83 /* XCRemoteSwiftPackageReference "SwiftUICommon" */ = {
			isa = XCRemoteSwiftPackageReference;
			repositoryURL = "https://github.com/iletai/SwiftUICommon";
			requirement = {
				branch = master;
				kind = branch;
			};
		};
		16B95A9828B77B3E00CA3B72 /* XCRemoteSwiftPackageReference "SwiftLint" */ = {
			isa = XCRemoteSwiftPackageReference;
			repositoryURL = "https://github.com/realm/SwiftLint.git";
			requirement = {
				kind = upToNextMajorVersion;
				minimumVersion = 0.9.2;
			};
		};
		16F41FC428C99F8800ACA1DA /* XCRemoteSwiftPackageReference "Alamofire" */ = {
			isa = XCRemoteSwiftPackageReference;
			repositoryURL = "https://github.com/Alamofire/Alamofire";
			requirement = {
				kind = upToNextMajorVersion;
				minimumVersion = 5.0.0;
			};
		};
		16F41FCA28CA5BFD00ACA1DA /* XCRemoteSwiftPackageReference "firebase-ios-sdk" */ = {
			isa = XCRemoteSwiftPackageReference;
			repositoryURL = "https://github.com/firebase/firebase-ios-sdk";
			requirement = {
				kind = upToNextMajorVersion;
				minimumVersion = 9.0.0;
			};
		};
/* End XCRemoteSwiftPackageReference section */

/* Begin XCSwiftPackageProductDependency section */
		162F764528C72D2200BD49A8 /* CVCalendar */ = {
			isa = XCSwiftPackageProductDependency;
			package = 162F764428C72D2200BD49A8 /* XCRemoteSwiftPackageReference "CVCalendar" */;
			productName = CVCalendar;
		};
		16365DF128F7EDBE0013CC8D /* PopupView */ = {
			isa = XCSwiftPackageProductDependency;
			package = 16365DF028F7EDBE0013CC8D /* XCRemoteSwiftPackageReference "PopupView" */;
			productName = PopupView;
		};
		1639BD2028B7E382002CCDF5 /* FacebookLogin */ = {
			isa = XCSwiftPackageProductDependency;
			package = 165E973128B7BF3200490E01 /* XCRemoteSwiftPackageReference "facebook-ios-sdk" */;
			productName = FacebookLogin;
		};
		1639BD2928B8BCAC002CCDF5 /* SwiftUIPager */ = {
			isa = XCSwiftPackageProductDependency;
			package = 1639BD2828B8BCAC002CCDF5 /* XCRemoteSwiftPackageReference "SwiftUIPager" */;
			productName = SwiftUIPager;
		};
		16725F0A29093DF400810567 /* RealmSwift */ = {
			isa = XCSwiftPackageProductDependency;
			package = 16725F0929093DF400810567 /* XCRemoteSwiftPackageReference "realm-swift" */;
			productName = RealmSwift;
		};
		16828E0F28BCB7970054081A /* Parchment */ = {
			isa = XCSwiftPackageProductDependency;
			package = 16828E0E28BCB7970054081A /* XCRemoteSwiftPackageReference "Parchment" */;
			productName = Parchment;
		};
		16828E1F28BD15F10054081A /* SwiftDate */ = {
			isa = XCSwiftPackageProductDependency;
			package = 16828E1E28BD15F10054081A /* XCRemoteSwiftPackageReference "SwiftDate" */;
			productName = SwiftDate;
		};
		16828E3628C5B2240054081A /* AlertToast */ = {
			isa = XCSwiftPackageProductDependency;
			package = 16828E3528C5B2240054081A /* XCRemoteSwiftPackageReference "AlertToast" */;
			productName = AlertToast;
		};
		169C0ED428FDA476007DAF83 /* SwiftUICharts */ = {
			isa = XCSwiftPackageProductDependency;
			package = 169C0ED328FDA476007DAF83 /* XCRemoteSwiftPackageReference "ChartView" */;
			productName = SwiftUICharts;
		};
		169C0F592907E87E007DAF83 /* SwiftUICommon */ = {
			isa = XCSwiftPackageProductDependency;
			package = 169C0F582907E87E007DAF83 /* XCRemoteSwiftPackageReference "SwiftUICommon" */;
			productName = SwiftUICommon;
		};
		16F41FC528C99F8800ACA1DA /* Alamofire */ = {
			isa = XCSwiftPackageProductDependency;
			package = 16F41FC428C99F8800ACA1DA /* XCRemoteSwiftPackageReference "Alamofire" */;
			productName = Alamofire;
		};
		16F41FCB28CA5BFD00ACA1DA /* FirebaseAuth */ = {
			isa = XCSwiftPackageProductDependency;
			package = 16F41FCA28CA5BFD00ACA1DA /* XCRemoteSwiftPackageReference "firebase-ios-sdk" */;
			productName = FirebaseAuth;
		};
		16F41FCD28CA5BFD00ACA1DA /* FirebaseDatabase */ = {
			isa = XCSwiftPackageProductDependency;
			package = 16F41FCA28CA5BFD00ACA1DA /* XCRemoteSwiftPackageReference "firebase-ios-sdk" */;
			productName = FirebaseDatabase;
		};
		16F41FCF28CA5BFD00ACA1DA /* FirebaseStorage */ = {
			isa = XCSwiftPackageProductDependency;
			package = 16F41FCA28CA5BFD00ACA1DA /* XCRemoteSwiftPackageReference "firebase-ios-sdk" */;
			productName = FirebaseStorage;
		};
		16FAAB7228ED2B9C00E30F65 /* FirebaseFirestore */ = {
			isa = XCSwiftPackageProductDependency;
			package = 16F41FCA28CA5BFD00ACA1DA /* XCRemoteSwiftPackageReference "firebase-ios-sdk" */;
			productName = FirebaseFirestore;
		};
/* End XCSwiftPackageProductDependency section */
	};
	rootObject = 1665E15828B7427D00CCEA09 /* Project object */;
}
